{
  "name": "chatbot-qa-automation",
  "version": "2.0.0",
  "lockfileVersion": 3,
  "requires": true,
  "packages": {
    "": {
      "name": "chatbot-qa-automation",
      "version": "2.0.0",
      "dependencies": {
        "playwright": "^1.58.2"
      },
      "devDependencies": {
        "@playwright/test": "^1.44.0",
        "@types/node": "^20.0.0",
        "typescript": "^5.4.0"
      }
    },
    "node_modules/@playwright/test": {
      "version": "1.44.0",
      "resolved": "https://registry.npmjs.org/@playwright/test/-/test-1.44.0.tgz",
      "integrity": "sha512-6fMbVL0qPKP2V4IDpILR8xLFbEqMmHQhGyVKi3Jvbj9HiVj3bCiPB6xfEavvGc8b7hZp5mE1YEhLK8e5U+KwrQ==",
      "dev": true,
      "license": "Apache-2.0",
      "dependencies": {
        "@playwright/test-core": "1.44.0"
      },
      "bin": {
        "playwright": "cli.js"
      }
    },
    "node_modules/@playwright/test-core": {
      "version": "1.44.0",
      "resolved": "https://registry.npmjs.org/@playwright/test-core/-/test-core-1.44.0.tgz",
      "integrity": "sha512-Gx33DrvI/8aCnMBPEZk/BZ7zaMvI8lTlL0sCXhH6fU9SPqrMwvEr2a/bVXpAzAJEfIHd6RQKFWM7XUqLmqOAg==",
      "dev": true,
      "license": "Apache-2.0",
      "dependencies": {
        "@types/node": ">=12.0.0",
        "playwright-core": "1.44.0"
      }
    },
    "node_modules/@types/node": {
      "version": "20.19.35",
      "resolved": "https://registry.npmjs.org/@types/node/-/node-20.19.35.tgz",
      "integrity": "sha512-Uarfe6J91b9HAUXxjvSOdiO2UPOKLm07Q1oh0JHxoZ1y8HoqxDAu3gVrsrOHeiio0kSsoVBt4wFrKOm0dKxVPQ==",
      "dev": true,
      "license": "MIT",
      "dependencies": {
        "undici-types": "~6.21.0"
      }
    },
    "node_modules/fsevents": {
      "version": "2.3.2",
      "resolved": "https://registry.npmjs.org/fsevents/-/fsevents-2.3.2.tgz",
      "integrity": "sha512-xiqMQR4xAeHTuB9uWm+fFRcIOgKBMiOBP+eXiyT7jsgVCq1bkVygt00oASowB7EdtpOHaaPgKt812P9ab+DDKA==",
      "optional": true,
      "os": [
        "darwin"
      ]
    },
    "node_modules/playwright": {
      "version": "1.58.2",
      "resolved": "https://registry.npmjs.org/playwright/-/playwright-1.58.2.tgz",
      "integrity": "sha512-vA30H8Nvkq/cPBnNw4Q8TWz1EJyqgpuinBcHET0YVJVFldr8JDNiU9LaWAE1KqSkRYazuaBhTpB5ZzShOezQ6A==",
      "license": "Apache-2.0",
      "dependencies": {
        "playwright-core": "1.58.2"
      },
      "optionalDependencies": {
        "fsevents": "2.3.2"
      }
    },
    "node_modules/playwright-core": {
      "version": "1.44.0",
      "resolved": "https://registry.npmjs.org/playwright-core/-/playwright-core-1.44.0.tgz",
      "integrity": "sha512-s5UmB7XVsO6O1kFmKZcXwKVE+s/FJz8vEQKsxOl3/ywPIcpXlvNUiVNPSZuHs/7UUKcFoKdkzr/F4/1YMdDhA==",
      "license": "Apache-2.0"
    },
    "node_modules/typescript": {
      "version": "5.4.5",
      "resolved": "https://registry.npmjs.org/typescript/-/typescript-5.4.5.tgz",
      "integrity": "sha512-vcI4U0pIp6z5CZt8w8kLCG8DwppHDbLWyEuWB1yC9RyNjGc/NBcjQXLg/sMZMZ5RxU7q4bPf0t/CXkVUB7GAQ==",
      "dev": true,
      "license": "Apache-2.0",
      "bin": {
        "tsc": "bin/tsc",
        "tsserver": "bin/tsserver"
      }
    },
    "node_modules/undici-types": {
      "version": "6.21.0",
      "resolved": "https://registry.npmjs.org/undici-types/-/undici-types-6.21.0.tgz",
      "integrity": "sha512-iwDZqg0QAGrg9Rav5H4n0M64c3mkR59cJ6wQp+7C4nI0gsmExaedaYLNO44eT4AtBBwjbTiGPMlt2Md0T9H9JQ==",
      "dev": true,
      "license": "MIT"
    }
  }
}
